// !$*UTF8*$!
{
	archiveVersion = 1;
	classes = {
	};
	objectVersion = 56;
	objects = {

/* Begin PBXBuildFile section */
		5336F56F2A336CDC00F26381 /* Persistence.swift in Sources */ = {isa = PBXBuildFile; fileRef = 5336F56E2A336CDC00F26381 /* Persistence.swift */; };
		534847D92A24A5CE003C4FFC /* CreateTask.swift in Sources */ = {isa = PBXBuildFile; fileRef = 534847D82A24A5CE003C4FFC /* CreateTask.swift */; };
		534847DB2A27EC1D003C4FFC /* CompletedTasks.swift in Sources */ = {isa = PBXBuildFile; fileRef = 534847DA2A27EC1D003C4FFC /* CompletedTasks.swift */; };
		534847E32A2E7BCC003C4FFC /* TaskList.xcdatamodeld in Sources */ = {isa = PBXBuildFile; fileRef = 534847E12A2E7BCC003C4FFC /* TaskList.xcdatamodeld */; };
		536997A12A1C1DB100643777 /* TaskListApp.swift in Sources */ = {isa = PBXBuildFile; fileRef = 536997A02A1C1DB100643777 /* TaskListApp.swift */; };
		536997A52A1C1DB200643777 /* Assets.xcassets in Resources */ = {isa = PBXBuildFile; fileRef = 536997A42A1C1DB200643777 /* Assets.xcassets */; };
		536997A82A1C1DB200643777 /* Preview Assets.xcassets in Resources */ = {isa = PBXBuildFile; fileRef = 536997A72A1C1DB200643777 /* Preview Assets.xcassets */; };
		53A8DB662A3C8A5800C6D4D7 /* ContentView.swift in Sources */ = {isa = PBXBuildFile; fileRef = 53A8DB652A3C8A5800C6D4D7 /* ContentView.swift */; };
		53A8DB682A3C91FF00C6D4D7 /* TaskItemView.swift in Sources */ = {isa = PBXBuildFile; fileRef = 53A8DB672A3C91FF00C6D4D7 /* TaskItemView.swift */; };
		53A8DB6A2A3DD10300C6D4D7 /* Extensions.swift in Sources */ = {isa = PBXBuildFile; fileRef = 53A8DB692A3DD10300C6D4D7 /* Extensions.swift */; };
/* End PBXBuildFile section */

/* Begin PBXFileReference section */
		5336F56E2A336CDC00F26381 /* Persistence.swift */ = {isa = PBXFileReference; lastKnownFileType = sourcecode.swift; path = Persistence.swift; sourceTree = "<group>"; };
		534847D82A24A5CE003C4FFC /* CreateTask.swift */ = {isa = PBXFileReference; lastKnownFileType = sourcecode.swift; path = CreateTask.swift; sourceTree = "<group>"; };
		534847DA2A27EC1D003C4FFC /* CompletedTasks.swift */ = {isa = PBXFileReference; lastKnownFileType = sourcecode.swift; path = CompletedTasks.swift; sourceTree = "<group>"; };
		534847E22A2E7BCC003C4FFC /* TaskListModel.xcdatamodel */ = {isa = PBXFileReference; explicitFileType = wrapper.xcdatamodel; path = TaskListModel.xcdatamodel; sourceTree = "<group>"; };
		5369979D2A1C1DB100643777 /* TaskList.app */ = {isa = PBXFileReference; explicitFileType = wrapper.application; includeInIndex = 0; path = TaskList.app; sourceTree = BUILT_PRODUCTS_DIR; };
		536997A02A1C1DB100643777 /* TaskListApp.swift */ = {isa = PBXFileReference; lastKnownFileType = sourcecode.swift; path = TaskListApp.swift; sourceTree = "<group>"; };
		536997A42A1C1DB200643777 /* Assets.xcassets */ = {isa = PBXFileReference; lastKnownFileType = folder.assetcatalog; path = Assets.xcassets; sourceTree = "<group>"; };
		536997A72A1C1DB200643777 /* Preview Assets.xcassets */ = {isa = PBXFileReference; lastKnownFileType = folder.assetcatalog; path = "Preview Assets.xcassets"; sourceTree = "<group>"; };
		53A8DB652A3C8A5800C6D4D7 /* ContentView.swift */ = {isa = PBXFileReference; lastKnownFileType = sourcecode.swift; path = ContentView.swift; sourceTree = "<group>"; };
		53A8DB672A3C91FF00C6D4D7 /* TaskItemView.swift */ = {isa = PBXFileReference; lastKnownFileType = sourcecode.swift; path = TaskItemView.swift; sourceTree = "<group>"; };
		53A8DB692A3DD10300C6D4D7 /* Extensions.swift */ = {isa = PBXFileReference; lastKnownFileType = sourcecode.swift; path = Extensions.swift; sourceTree = "<group>"; };
/* End PBXFileReference section */

/* Begin PBXFrameworksBuildPhase section */
		5369979A2A1C1DB100643777 /* Frameworks */ = {
			isa = PBXFrameworksBuildPhase;
			buildActionMask = 2147483647;
			files = (
			);
			runOnlyForDeploymentPostprocessing = 0;
		};
/* End PBXFrameworksBuildPhase section */

/* Begin PBXGroup section */
		5336F5702A33C0C400F26381 /* Files */ = {
			isa = PBXGroup;
			children = (
				53A8DB692A3DD10300C6D4D7 /* Extensions.swift */,
				5336F56E2A336CDC00F26381 /* Persistence.swift */,
			);
			path = Files;
			sourceTree = "<group>";
		};
		534847E02A2912C0003C4FFC /* View */ = {
			isa = PBXGroup;
			children = (
				53A8DB652A3C8A5800C6D4D7 /* ContentView.swift */,
				534847D82A24A5CE003C4FFC /* CreateTask.swift */,
				534847DA2A27EC1D003C4FFC /* CompletedTasks.swift */,
				53A8DB672A3C91FF00C6D4D7 /* TaskItemView.swift */,
				5336F5702A33C0C400F26381 /* Files */,
			);
			path = View;
			sourceTree = "<group>";
		};
		536997942A1C1DB100643777 = {
			isa = PBXGroup;
			children = (
				5369979F2A1C1DB100643777 /* TaskList */,
				5369979E2A1C1DB100643777 /* Products */,
			);
			sourceTree = "<group>";
		};
		5369979E2A1C1DB100643777 /* Products */ = {
			isa = PBXGroup;
			children = (
				5369979D2A1C1DB100643777 /* TaskList.app */,
			);
			name = Products;
			sourceTree = "<group>";
		};
		5369979F2A1C1DB100643777 /* TaskList */ = {
			isa = PBXGroup;
			children = (
				536997A02A1C1DB100643777 /* TaskListApp.swift */,
				534847E02A2912C0003C4FFC /* View */,
				536997A42A1C1DB200643777 /* Assets.xcassets */,
				536997A62A1C1DB200643777 /* Preview Content */,
			);
			path = TaskList;
			sourceTree = "<group>";
		};
		536997A62A1C1DB200643777 /* Preview Content */ = {
			isa = PBXGroup;
			children = (
				536997A72A1C1DB200643777 /* Preview Assets.xcassets */,
				534847E12A2E7BCC003C4FFC /* TaskList.xcdatamodeld */,
			);
			path = "Preview Content";
			sourceTree = "<group>";
		};
/* End PBXGroup section */

/* Begin PBXNativeTarget section */
		5369979C2A1C1DB100643777 /* TaskList */ = {
			isa = PBXNativeTarget;
			buildConfigurationList = 536997AB2A1C1DB200643777 /* Build configuration list for PBXNativeTarget "TaskList" */;
			buildPhases = (
				536997992A1C1DB100643777 /* Sources */,
				5369979A2A1C1DB100643777 /* Frameworks */,
				5369979B2A1C1DB100643777 /* Resources */,
			);
			buildRules = (
			);
			dependencies = (
			);
			name = TaskList;
			productName = TaskList;
			productReference = 5369979D2A1C1DB100643777 /* TaskList.app */;
			productType = "com.apple.product-type.application";
		};
/* End PBXNativeTarget section */

/* Begin PBXProject section */
		536997952A1C1DB100643777 /* Project object */ = {
			isa = PBXProject;
			attributes = {
				BuildIndependentTargetsInParallel = 1;
				LastSwiftUpdateCheck = 1420;
				LastUpgradeCheck = 1420;
				TargetAttributes = {
					5369979C2A1C1DB100643777 = {
						CreatedOnToolsVersion = 14.2;
					};
				};
			};
			buildConfigurationList = 536997982A1C1DB100643777 /* Build configuration list for PBXProject "TaskList" */;
			compatibilityVersion = "Xcode 14.0";
			developmentRegion = en;
			hasScannedForEncodings = 0;
			knownRegions = (
				en,
				Base,
			);
			mainGroup = 536997942A1C1DB100643777;
			productRefGroup = 5369979E2A1C1DB100643777 /* Products */;
			projectDirPath = "";
			projectRoot = "";
			targets = (
				5369979C2A1C1DB100643777 /* TaskList */,
			);
		};
/* End PBXProject section */

/* Begin PBXResourcesBuildPhase section */
		5369979B2A1C1DB100643777 /* Resources */ = {
			isa = PBXResourcesBuildPhase;
			buildActionMask = 2147483647;
			files = (
				536997A82A1C1DB200643777 /* Preview Assets.xcassets in Resources */,
				536997A52A1C1DB200643777 /* Assets.xcassets in Resources */,
			);
			runOnlyForDeploymentPostprocessing = 0;
		};
/* End PBXResourcesBuildPhase section */

/* Begin PBXSourcesBuildPhase section */
		536997992A1C1DB100643777 /* Sources */ = {
			isa = PBXSourcesBuildPhase;
			buildActionMask = 2147483647;
			files = (
				534847D92A24A5CE003C4FFC /* CreateTask.swift in Sources */,
				534847DB2A27EC1D003C4FFC /* CompletedTasks.swift in Sources */,
				53A8DB662A3C8A5800C6D4D7 /* ContentView.swift in Sources */,
				53A8DB6A2A3DD10300C6D4D7 /* Extensions.swift in Sources */,
				53A8DB682A3C91FF00C6D4D7 /* TaskItemView.swift in Sources */,
				5336F56F2A336CDC00F26381 /* Persistence.swift in Sources */,
				536997A12A1C1DB100643777 /* TaskListApp.swift in Sources */,
				534847E32A2E7BCC003C4FFC /* TaskList.xcdatamodeld in Sources */,
			);
			runOnlyForDeploymentPostprocessing = 0;
		};
/* End PBXSourcesBuildPhase section */

/* Begin XCBuildConfiguration section */
		536997A92A1C1DB200643777 /* Debug */ = {
			isa = XCBuildConfiguration;
			buildSettings = {
				ALWAYS_SEARCH_USER_PATHS = NO;
				CLANG_ANALYZER_NONNULL = YES;
				CLANG_ANALYZER_NUMBER_OBJECT_CONVERSION = YES_AGGRESSIVE;
				CLANG_CXX_LANGUAGE_STANDARD = "gnu++20";
				CLANG_ENABLE_MODULES = YES;
				CLANG_ENABLE_OBJC_ARC = YES;
				CLANG_ENABLE_OBJC_WEAK = YES;
				CLANG_WARN_BLOCK_CAPTURE_AUTORELEASING = YES;
				CLANG_WARN_BOOL_CONVERSION = YES;
				CLANG_WARN_COMMA = YES;
				CLANG_WARN_CONSTANT_CONVERSION = YES;
				CLANG_WARN_DEPRECATED_OBJC_IMPLEMENTATIONS = YES;
				CLANG_WARN_DIRECT_OBJC_ISA_USAGE = YES_ERROR;
				CLANG_WARN_DOCUMENTATION_COMMENTS = YES;
				CLANG_WARN_EMPTY_BODY = YES;
				CLANG_WARN_ENUM_CONVERSION = YES;
				CLANG_WARN_INFINITE_RECURSION = YES;
				CLANG_WARN_INT_CONVERSION = YES;
				CLANG_WARN_NON_LITERAL_NULL_CONVERSION = YES;
				CLANG_WARN_OBJC_IMPLICIT_RETAIN_SELF = YES;
				CLANG_WARN_OBJC_LITERAL_CONVERSION = YES;
				CLANG_WARN_OBJC_ROOT_CLASS = YES_ERROR;
				CLANG_WARN_QUOTED_INCLUDE_IN_FRAMEWORK_HEADER = YES;
				CLANG_WARN_RANGE_LOOP_ANALYSIS = YES;
				CLANG_WARN_STRICT_PROTOTYPES = YES;
				CLANG_WARN_SUSPICIOUS_MOVE = YES;
				CLANG_WARN_UNGUARDED_AVAILABILITY = YES_AGGRESSIVE;
				CLANG_WARN_UNREACHABLE_CODE = YES;
				CLANG_WARN__DUPLICATE_METHOD_MATCH = YES;
				COPY_PHASE_STRIP = NO;
				DEBUG_INFORMATION_FORMAT = dwarf;
				ENABLE_STRICT_OBJC_MSGSEND = YES;
				ENABLE_TESTABILITY = YES;
				GCC_C_LANGUAGE_STANDARD = gnu11;
				GCC_DYNAMIC_NO_PIC = NO;
				GCC_NO_COMMON_BLOCKS = YES;
				GCC_OPTIMIZATION_LEVEL = 0;
				GCC_PREPROCESSOR_DEFINITIONS = (
					"DEBUG=1",
					"$(inherited)",
				);
				GCC_WARN_64_TO_32_BIT_CONVERSION = YES;
				GCC_WARN_ABOUT_RETURN_TYPE = YES_ERROR;
				GCC_WARN_UNDECLARED_SELECTOR = YES;
				GCC_WARN_UNINITIALIZED_AUTOS = YES_AGGRESSIVE;
				GCC_WARN_UNUSED_FUNCTION = YES;
				GCC_WARN_UNUSED_VARIABLE = YES;
				IPHONEOS_DEPLOYMENT_TARGET = 16.2;
				MTL_ENABLE_DEBUG_INFO = INCLUDE_SOURCE;
				MTL_FAST_MATH = YES;
				ONLY_ACTIVE_ARCH = YES;
				SDKROOT = iphoneos;
				SWIFT_ACTIVE_COMPILATION_CONDITIONS = DEBUG;
				SWIFT_OPTIMIZATION_LEVEL = "-Onone";
			};
			name = Debug;
		};
		536997AA2A1C1DB200643777 /* Release */ = {
			isa = XCBuildConfiguration;
			buildSettings = {
				ALWAYS_SEARCH_USER_PATHS = NO;
				CLANG_ANALYZER_NONNULL = YES;
				CLANG_ANALYZER_NUMBER_OBJECT_CONVERSION = YES_AGGRESSIVE;
				CLANG_CXX_LANGUAGE_STANDARD = "gnu++20";
				CLANG_ENABLE_MODULES = YES;
				CLANG_ENABLE_OBJC_ARC = YES;
				CLANG_ENABLE_OBJC_WEAK = YES;
				CLANG_WARN_BLOCK_CAPTURE_AUTORELEASING = YES;
				CLANG_WARN_BOOL_CONVERSION = YES;
				CLANG_WARN_COMMA = YES;
				CLANG_WARN_CONSTANT_CONVERSION = YES;
				CLANG_WARN_DEPRECATED_OBJC_IMPLEMENTATIONS = YES;
				CLANG_WARN_DIRECT_OBJC_ISA_USAGE = YES_ERROR;
				CLANG_WARN_DOCUMENTATION_COMMENTS = YES;
				CLANG_WARN_EMPTY_BODY = YES;
				CLANG_WARN_ENUM_CONVERSION = YES;
				CLANG_WARN_INFINITE_RECURSION = YES;
				CLANG_WARN_INT_CONVERSION = YES;
				CLANG_WARN_NON_LITERAL_NULL_CONVERSION = YES;
				CLANG_WARN_OBJC_IMPLICIT_RETAIN_SELF = YES;
				CLANG_WARN_OBJC_LITERAL_CONVERSION = YES;
				CLANG_WARN_OBJC_ROOT_CLASS = YES_ERROR;
				CLANG_WARN_QUOTED_INCLUDE_IN_FRAMEWORK_HEADER = YES;
				CLANG_WARN_RANGE_LOOP_ANALYSIS = YES;
				CLANG_WARN_STRICT_PROTOTYPES = YES;
				CLANG_WARN_SUSPICIOUS_MOVE = YES;
				CLANG_WARN_UNGUARDED_AVAILABILITY = YES_AGGRESSIVE;
				CLANG_WARN_UNREACHABLE_CODE = YES;
				CLANG_WARN__DUPLICATE_METHOD_MATCH = YES;
				COPY_PHASE_STRIP = NO;
				DEBUG_INFORMATION_FORMAT = "dwarf-with-dsym";
				ENABLE_NS_ASSERTIONS = NO;
				ENABLE_STRICT_OBJC_MSGSEND = YES;
				GCC_C_LANGUAGE_STANDARD = gnu11;
				GCC_NO_COMMON_BLOCKS = YES;
				GCC_WARN_64_TO_32_BIT_CONVERSION = YES;
				GCC_WARN_ABOUT_RETURN_TYPE = YES_ERROR;
				GCC_WARN_UNDECLARED_SELECTOR = YES;
				GCC_WARN_UNINITIALIZED_AUTOS = YES_AGGRESSIVE;
				GCC_WARN_UNUSED_FUNCTION = YES;
				GCC_WARN_UNUSED_VARIABLE = YES;
				IPHONEOS_DEPLOYMENT_TARGET = 16.2;
				MTL_ENABLE_DEBUG_INFO = NO;
				MTL_FAST_MATH = YES;
				SDKROOT = iphoneos;
				SWIFT_COMPILATION_MODE = wholemodule;
				SWIFT_OPTIMIZATION_LEVEL = "-O";
				VALIDATE_PRODUCT = YES;
			};
			name = Release;
		};
		536997AC2A1C1DB200643777 /* Debug */ = {
			isa = XCBuildConfiguration;
			buildSettings = {
				ASSETCATALOG_COMPILER_APPICON_NAME = AppIcon;
				ASSETCATALOG_COMPILER_GLOBAL_ACCENT_COLOR_NAME = AccentColor;
				CODE_SIGN_STYLE = Automatic;
				CURRENT_PROJECT_VERSION = 1;
				DEVELOPMENT_ASSET_PATHS = "\"TaskList/Preview Content\"";
				DEVELOPMENT_TEAM = 8PJ6GX7HLS;
				ENABLE_PREVIEWS = YES;
				GENERATE_INFOPLIST_FILE = YES;
				INFOPLIST_KEY_UIApplicationSceneManifest_Generation = YES;
				INFOPLIST_KEY_UIApplicationSupportsIndirectInputEvents = YES;
				INFOPLIST_KEY_UILaunchScreen_Generation = YES;
				INFOPLIST_KEY_UISupportedInterfaceOrientations_iPad = "UIInterfaceOrientationPortrait UIInterfaceOrientationPortraitUpsideDown UIInterfaceOrientationLandscapeLeft UIInterfaceOrientationLandscapeRight";
				INFOPLIST_KEY_UISupportedInterfaceOrientations_iPhone = "UIInterfaceOrientationPortrait UIInterfaceOrientationLandscapeLeft UIInterfaceOrientationLandscapeRight";
				LD_RUNPATH_SEARCH_PATHS = (
					"$(inherited)",
					"@executable_path/Frameworks",
				);
				MARKETING_VERSION = 1.0;
				PRODUCT_BUNDLE_IDENTIFIER = App.TaskList.TaskList;
				PRODUCT_NAME = "$(TARGET_NAME)";
				SWIFT_EMIT_LOC_STRINGS = YES;
				SWIFT_VERSION = 5.0;
				TARGETED_DEVICE_FAMILY = "1,2";
			};
			name = Debug;
		};
		536997AD2A1C1DB200643777 /* Release */ = {
			isa = XCBuildConfiguration;
			buildSettings = {
				ASSETCATALOG_COMPILER_APPICON_NAME = AppIcon;
				ASSETCATALOG_COMPILER_GLOBAL_ACCENT_COLOR_NAME = AccentColor;
				CODE_SIGN_STYLE = Automatic;
				CURRENT_PROJECT_VERSION = 1;
				DEVELOPMENT_ASSET_PATHS = "\"TaskList/Preview Content\"";
				DEVELOPMENT_TEAM = 8PJ6GX7HLS;
				ENABLE_PREVIEWS = YES;
				GENERATE_INFOPLIST_FILE = YES;
				INFOPLIST_KEY_UIApplicationSceneManifest_Generation = YES;
				INFOPLIST_KEY_UIApplicationSupportsIndirectInputEvents = YES;
				INFOPLIST_KEY_UILaunchScreen_Generation = YES;
				INFOPLIST_KEY_UISupportedInterfaceOrientations_iPad = "UIInterfaceOrientationPortrait UIInterfaceOrientationPortraitUpsideDown UIInterfaceOrientationLandscapeLeft UIInterfaceOrientationLandscapeRight";
				INFOPLIST_KEY_UISupportedInterfaceOrientations_iPhone = "UIInterfaceOrientationPortrait UIInterfaceOrientationLandscapeLeft UIInterfaceOrientationLandscapeRight";
				LD_RUNPATH_SEARCH_PATHS = (
					"$(inherited)",
					"@executable_path/Frameworks",
				);
				MARKETING_VERSION = 1.0;
				PRODUCT_BUNDLE_IDENTIFIER = App.TaskList.TaskList;
				PRODUCT_NAME = "$(TARGET_NAME)";
				SWIFT_EMIT_LOC_STRINGS = YES;
				SWIFT_VERSION = 5.0;
				TARGETED_DEVICE_FAMILY = "1,2";
			};
			name = Release;
		};
/* End XCBuildConfiguration section */

/* Begin XCConfigurationList section */
		536997982A1C1DB100643777 /* Build configuration list for PBXProject "TaskList" */ = {
			isa = XCConfigurationList;
			buildConfigurations = (
				536997A92A1C1DB200643777 /* Debug */,
				536997AA2A1C1DB200643777 /* Release */,
			);
			defaultConfigurationIsVisible = 0;
			defaultConfigurationName = Release;
		};
		536997AB2A1C1DB200643777 /* Build configuration list for PBXNativeTarget "TaskList" */ = {
			isa = XCConfigurationList;
			buildConfigurations = (
				536997AC2A1C1DB200643777 /* Debug */,
				536997AD2A1C1DB200643777 /* Release */,
			);
			defaultConfigurationIsVisible = 0;
			defaultConfigurationName = Release;
		};
/* End XCConfigurationList section */

/* Begin XCVersionGroup section */
		534847E12A2E7BCC003C4FFC /* TaskList.xcdatamodeld */ = {
			isa = XCVersionGroup;
			children = (
				534847E22A2E7BCC003C4FFC /* TaskListModel.xcdatamodel */,
			);
			currentVersion = 534847E22A2E7BCC003C4FFC /* TaskListModel.xcdatamodel */;
			path = TaskList.xcdatamodeld;
			sourceTree = "<group>";
			versionGroupType = wrapper.xcdatamodel;
		};
/* End XCVersionGroup section */
	};
	rootObject = 536997952A1C1DB100643777 /* Project object */;
}
